
Microsoft Visual Studio Solution File, Format Version 11.00
# Visual Studio 2010
Project("{8BC9CEB8-8B4A-11D0-8D11-00A0C91BC942}") = "Project", "Project\Project.vcxproj", "{3AE39D73-E669-4E92-9219-E53ABBF1639B}"
EndProject
Global
	GlobalSection(SolutionConfigurationPlatforms) = preSolution
		Debug|Win32 = Debug|Win32
		Release|Win32 = Release|Win32
	EndGlobalSection
	GlobalSection(ProjectConfigurationPlatforms) = postSolution
		{3AE39D73-E669-4E92-9219-E53ABBF1639B}.Debug|Win32.ActiveCfg = Debug|Win32
		{3AE39D73-E669-4E92-9219-E53ABBF1639B}.Debug|Win32.Build.0 = Debug|Win32
		{3AE39D73-E669-4E92-9219-E53ABBF1639B}.Release|Win32.ActiveCfg = Release|Win32
		{3AE39D73-E669-4E92-9219-E53ABBF1639B}.Release|Win32.Build.0 = Release|Win32
	EndGlobalSection
	GlobalSection(SolutionProperties) = preSolution
		HideSolutionNode = FALSE
	EndGlobalSection
EndGlobal
